// !$*UTF8*$!
{
	archiveVersion = 1;
	classes = {
	};
	objectVersion = 46;
	objects = {

/* Begin PBXBuildFile section */
		A90136FE1BCC58F500698061 /* GoToApp_Icon@2x.png in Resources */ = {isa = PBXBuildFile; fileRef = A90136FD1BCC58F500698061 /* GoToApp_Icon@2x.png */; };
		A908F5661BBDC54C0011B6AA /* FeedParser.swift in Sources */ = {isa = PBXBuildFile; fileRef = A908F5651BBDC54C0011B6AA /* FeedParser.swift */; };
		A90962F31BC16358005AAFEC /* PostDateFormat.swift in Sources */ = {isa = PBXBuildFile; fileRef = A90962F21BC16358005AAFEC /* PostDateFormat.swift */; };
		A925E5AA1BCC4DF400A59E27 /* vertical_separator_today@2x.png in Resources */ = {isa = PBXBuildFile; fileRef = A925E5A91BCC4DF400A59E27 /* vertical_separator_today@2x.png */; };
		A92F29771B25EFB50045102C /* UIAppearance+Swift.m in Sources */ = {isa = PBXBuildFile; fileRef = A92F29761B25EFB50045102C /* UIAppearance+Swift.m */; };
		A9377DF51BB2FBFB00633AFF /* FeedEditingPerformer.swift in Sources */ = {isa = PBXBuildFile; fileRef = A9377DF41BB2FBFB00633AFF /* FeedEditingPerformer.swift */; };
		A938704C1BCD937300571ABC /* Launch Notifeed.storyboard in Resources */ = {isa = PBXBuildFile; fileRef = A938704B1BCD937300571ABC /* Launch Notifeed.storyboard */; };
		A938704E1BCD9A9600571ABC /* iAd.framework in Frameworks */ = {isa = PBXBuildFile; fileRef = A938704D1BCD9A9600571ABC /* iAd.framework */; };
		A93870511BCD9AEF00571ABC /* NotifeedStore.swift in Sources */ = {isa = PBXBuildFile; fileRef = A93870501BCD9AEF00571ABC /* NotifeedStore.swift */; };
		A94067731BB4867C005EFA09 /* WebViewController.swift in Sources */ = {isa = PBXBuildFile; fileRef = A94067721BB4867C005EFA09 /* WebViewController.swift */; };
		A9562E331BC5B15A0015EA0C /* NotificationCenter.framework in Frameworks */ = {isa = PBXBuildFile; fileRef = A9562E321BC5B15A0015EA0C /* NotificationCenter.framework */; };
		A9562E361BC5B15A0015EA0C /* TodayViewController.swift in Sources */ = {isa = PBXBuildFile; fileRef = A9562E351BC5B15A0015EA0C /* TodayViewController.swift */; };
		A9562E391BC5B15A0015EA0C /* MainInterface.storyboard in Resources */ = {isa = PBXBuildFile; fileRef = A9562E371BC5B15A0015EA0C /* MainInterface.storyboard */; };
		A9562E3D1BC5B15A0015EA0C /* Notifeed Widget.appex in Embed App Extensions */ = {isa = PBXBuildFile; fileRef = A9562E301BC5B15A0015EA0C /* Notifeed Widget.appex */; settings = {ATTRIBUTES = (RemoveHeadersOnCopy, ); }; };
		A9562E441BC5B5130015EA0C /* FeedModel.swift in Sources */ = {isa = PBXBuildFile; fileRef = A9F230EC1BB0B93D00BD5434 /* FeedModel.swift */; };
		A9562E451BC5B5160015EA0C /* Post.swift in Sources */ = {isa = PBXBuildFile; fileRef = A9F230F31BB0BD0C00BD5434 /* Post.swift */; };
		A9562E461BC5B5180015EA0C /* Feed.swift in Sources */ = {isa = PBXBuildFile; fileRef = A9F230F51BB0BD5C00BD5434 /* Feed.swift */; };
		A95B4D921BC7D2430018C7CA /* UpdateButton@2x.png in Resources */ = {isa = PBXBuildFile; fileRef = A95B4D911BC7D2430018C7CA /* UpdateButton@2x.png */; };
		A95B4D941BC7DAE80018C7CA /* WidgetHeaderCell.swift in Sources */ = {isa = PBXBuildFile; fileRef = A95B4D931BC7DAE80018C7CA /* WidgetHeaderCell.swift */; };
		A963B8CC1BC5BB7000C5803B /* Notifeed.xcdatamodeld in Sources */ = {isa = PBXBuildFile; fileRef = A9FA35281B204523008E68A7 /* Notifeed.xcdatamodeld */; };
		A963B8CD1BC5BDC100C5803B /* FeedParser.swift in Sources */ = {isa = PBXBuildFile; fileRef = A908F5651BBDC54C0011B6AA /* FeedParser.swift */; };
		A963B8CE1BC5C96100C5803B /* PostDateFormat.swift in Sources */ = {isa = PBXBuildFile; fileRef = A90962F21BC16358005AAFEC /* PostDateFormat.swift */; };
		A963B8D01BC5CFEC00C5803B /* vertical_separetor@2x.png in Resources */ = {isa = PBXBuildFile; fileRef = A9F25E821BBC37F400337DEA /* vertical_separetor@2x.png */; };
		A964707A1BD6EB7E00A1EA69 /* MyViewController.swift in Sources */ = {isa = PBXBuildFile; fileRef = A96470791BD6EB7E00A1EA69 /* MyViewController.swift */; };
		A96627C11BB1682100B44B0B /* FeedViewController.swift in Sources */ = {isa = PBXBuildFile; fileRef = A96627C01BB1682100B44B0B /* FeedViewController.swift */; };
		A96627C31BB16A2800B44B0B /* FeedAddingPerformer.swift in Sources */ = {isa = PBXBuildFile; fileRef = A96627C21BB16A2800B44B0B /* FeedAddingPerformer.swift */; };
		A9751DAE1B24E2B0009BD779 /* MGSOpenWithSafari.swift in Sources */ = {isa = PBXBuildFile; fileRef = A9751DAD1B24E2B0009BD779 /* MGSOpenWithSafari.swift */; };
		A9751DB01B24E506009BD779 /* SafariActivity@2x.png in Resources */ = {isa = PBXBuildFile; fileRef = A9751DAF1B24E506009BD779 /* SafariActivity@2x.png */; };
		A97621CC1BB2AF1F0003672E /* FrameView.swift in Sources */ = {isa = PBXBuildFile; fileRef = A97621C31BB2AF1F0003672E /* FrameView.swift */; };
		A97621CD1BB2AF1F0003672E /* Images.xcassets in Resources */ = {isa = PBXBuildFile; fileRef = A97621C41BB2AF1F0003672E /* Images.xcassets */; };
		A97621CE1BB2AF1F0003672E /* Info.plist in Resources */ = {isa = PBXBuildFile; fileRef = A97621C51BB2AF1F0003672E /* Info.plist */; };
		A97621CF1BB2AF1F0003672E /* PKHUD.swift in Sources */ = {isa = PBXBuildFile; fileRef = A97621C71BB2AF1F0003672E /* PKHUD.swift */; };
		A97621D01BB2AF1F0003672E /* PKHUDAssets.swift in Sources */ = {isa = PBXBuildFile; fileRef = A97621C81BB2AF1F0003672E /* PKHUDAssets.swift */; };
		A97621D11BB2AF1F0003672E /* PKHUDContentView.swift in Sources */ = {isa = PBXBuildFile; fileRef = A97621C91BB2AF1F0003672E /* PKHUDContentView.swift */; };
		A97621D21BB2AF1F0003672E /* Window.swift in Sources */ = {isa = PBXBuildFile; fileRef = A97621CA1BB2AF1F0003672E /* Window.swift */; };
		A97621D31BB2AF1F0003672E /* WindowRootViewController.swift in Sources */ = {isa = PBXBuildFile; fileRef = A97621CB1BB2AF1F0003672E /* WindowRootViewController.swift */; };
		A98B35E91BCC0BB200712227 /* FavoriteFeed@2x.png in Resources */ = {isa = PBXBuildFile; fileRef = A98B35E81BCC0BB200712227 /* FavoriteFeed@2x.png */; };
		A98C8A531BD3EF890012FBC1 /* BannerViewController.swift in Sources */ = {isa = PBXBuildFile; fileRef = A98C8A521BD3EF890012FBC1 /* BannerViewController.swift */; };
		A98C8A551BD40E330012FBC1 /* MGSplitViewController.swift in Sources */ = {isa = PBXBuildFile; fileRef = A98C8A541BD40E330012FBC1 /* MGSplitViewController.swift */; };
		A98ED8E81BB5BA570043B5DC /* Main3.storyboard in Resources */ = {isa = PBXBuildFile; fileRef = A98ED8E71BB5BA570043B5DC /* Main3.storyboard */; };
		A99342AE1B1CA7E1001CF4EA /* AppDelegate.swift in Sources */ = {isa = PBXBuildFile; fileRef = A99342AD1B1CA7E1001CF4EA /* AppDelegate.swift */; };
		A99342BA1B1CA7E2001CF4EA /* Images.xcassets in Resources */ = {isa = PBXBuildFile; fileRef = A99342B91B1CA7E2001CF4EA /* Images.xcassets */; };
		A9960F5B1B21E80B007DDD39 /* LaunchScreen.xib in Resources */ = {isa = PBXBuildFile; fileRef = A99342BB1B1CA7E2001CF4EA /* LaunchScreen.xib */; };
		A9B212D51BB1EEA6009E150C /* PostsViewController.swift in Sources */ = {isa = PBXBuildFile; fileRef = A9B212D41BB1EEA6009E150C /* PostsViewController.swift */; };
		A9B7ABE91BC6AD01008DACF2 /* FeedDataBase.swift in Sources */ = {isa = PBXBuildFile; fileRef = A9B7ABE81BC6AD01008DACF2 /* FeedDataBase.swift */; };
		A9B7ABEA1BC6AF27008DACF2 /* FeedDataBase.swift in Sources */ = {isa = PBXBuildFile; fileRef = A9B7ABE81BC6AD01008DACF2 /* FeedDataBase.swift */; };
		A9BCB26C1BB7042600A9BC29 /* ArchivedViewController.swift in Sources */ = {isa = PBXBuildFile; fileRef = A9BCB26B1BB7042600A9BC29 /* ArchivedViewController.swift */; };
		A9C59B811BC97AF80036D8E1 /* FeedCell.swift in Sources */ = {isa = PBXBuildFile; fileRef = A9C59B801BC97AF80036D8E1 /* FeedCell.swift */; };
		A9CB854F1BBADF670091DA38 /* expand@2x.png in Resources */ = {isa = PBXBuildFile; fileRef = A9CB854E1BBADF670091DA38 /* expand@2x.png */; };
		A9CB85551BBAF7F20091DA38 /* archive@2x.png in Resources */ = {isa = PBXBuildFile; fileRef = A9CB85541BBAF7F20091DA38 /* archive@2x.png */; };
		A9CB85631BBB005E0091DA38 /* rss_tab@2x.png in Resources */ = {isa = PBXBuildFile; fileRef = A9CB85621BBB005E0091DA38 /* rss_tab@2x.png */; };
		A9CB85711BBB20D20091DA38 /* feed_icon@2x.png in Resources */ = {isa = PBXBuildFile; fileRef = A9CB85701BBB20D20091DA38 /* feed_icon@2x.png */; };
		A9CB85751BBB26850091DA38 /* Extensions.swift in Sources */ = {isa = PBXBuildFile; fileRef = A9CB85741BBB26850091DA38 /* Extensions.swift */; };
		A9CB85771BBB2C000091DA38 /* navigation_bar@2x.png in Resources */ = {isa = PBXBuildFile; fileRef = A9CB85761BBB2C000091DA38 /* navigation_bar@2x.png */; };
		A9CB857D1BBB403B0091DA38 /* view_background@2x.png in Resources */ = {isa = PBXBuildFile; fileRef = A9CB857C1BBB403B0091DA38 /* view_background@2x.png */; };
		A9DD3AD21B1F8DCD006FC61D /* MGSEmptyDetailViewController.swift in Sources */ = {isa = PBXBuildFile; fileRef = A9DD3AD01B1F8DCD006FC61D /* MGSEmptyDetailViewController.swift */; };
		A9DD3AD31B1F8DCD006FC61D /* MGSEmptyDetailViewController.xib in Resources */ = {isa = PBXBuildFile; fileRef = A9DD3AD11B1F8DCD006FC61D /* MGSEmptyDetailViewController.xib */; };
		A9EAB6411BC7FC3400FA30BE /* WidgetFooterCell.swift in Sources */ = {isa = PBXBuildFile; fileRef = A9EAB6401BC7FC3400FA30BE /* WidgetFooterCell.swift */; };
		A9EAB6451BC8282D00FA30BE /* MenuAction@2x.png in Resources */ = {isa = PBXBuildFile; fileRef = A9EAB6441BC8282D00FA30BE /* MenuAction@2x.png */; };
		A9EF4D501BB84FDD00AAB95D /* archived_dot@2x.png in Resources */ = {isa = PBXBuildFile; fileRef = A9EF4D4F1BB84FDD00AAB95D /* archived_dot@2x.png */; };
		A9F0DD331BC3FCD0006481C3 /* Reachability.swift in Sources */ = {isa = PBXBuildFile; fileRef = A9F0DD321BC3FCD0006481C3 /* Reachability.swift */; };
		A9F1D9CA1B24A00900AB8D77 /* rss-plus@2x.png in Resources */ = {isa = PBXBuildFile; fileRef = A9F1D9C91B24A00900AB8D77 /* rss-plus@2x.png */; };
		A9F1D9CE1B24B92600AB8D77 /* Back-50@2x.png in Resources */ = {isa = PBXBuildFile; fileRef = A9F1D9CD1B24B92600AB8D77 /* Back-50@2x.png */; };
		A9F1D9D01B24B92D00AB8D77 /* Forward-50@2x.png in Resources */ = {isa = PBXBuildFile; fileRef = A9F1D9CF1B24B92D00AB8D77 /* Forward-50@2x.png */; };
		A9F230ED1BB0B93D00BD5434 /* FeedModel.swift in Sources */ = {isa = PBXBuildFile; fileRef = A9F230EC1BB0B93D00BD5434 /* FeedModel.swift */; };
		A9F230F11BB0B9A000BD5434 /* FeedModelTests.swift in Sources */ = {isa = PBXBuildFile; fileRef = A9F230F01BB0B9A000BD5434 /* FeedModelTests.swift */; };
		A9F230F41BB0BD0C00BD5434 /* Post.swift in Sources */ = {isa = PBXBuildFile; fileRef = A9F230F31BB0BD0C00BD5434 /* Post.swift */; };
		A9F230F61BB0BD5C00BD5434 /* Feed.swift in Sources */ = {isa = PBXBuildFile; fileRef = A9F230F51BB0BD5C00BD5434 /* Feed.swift */; };
		A9F25E731BBBFC0C00337DEA /* post_icon@2x.png in Resources */ = {isa = PBXBuildFile; fileRef = A9F25E721BBBFC0C00337DEA /* post_icon@2x.png */; };
		A9F25E751BBBFD7500337DEA /* post_icon2@2x.png in Resources */ = {isa = PBXBuildFile; fileRef = A9F25E741BBBFD7500337DEA /* post_icon2@2x.png */; };
		A9F25E7B1BBC205900337DEA /* NotifeedLogo@2x.png in Resources */ = {isa = PBXBuildFile; fileRef = A9F25E7A1BBC205900337DEA /* NotifeedLogo@2x.png */; };
		A9F25E7D1BBC233A00337DEA /* post_icon3@2x.png in Resources */ = {isa = PBXBuildFile; fileRef = A9F25E7C1BBC233A00337DEA /* post_icon3@2x.png */; };
		A9F25E831BBC37F400337DEA /* vertical_separetor@2x.png in Resources */ = {isa = PBXBuildFile; fileRef = A9F25E821BBC37F400337DEA /* vertical_separetor@2x.png */; };
		A9F25E871BBC392E00337DEA /* vertical_separetor2@2x.png in Resources */ = {isa = PBXBuildFile; fileRef = A9F25E861BBC392E00337DEA /* vertical_separetor2@2x.png */; };
		A9F25E8D1BBC3E3F00337DEA /* add_rss@2x.png in Resources */ = {isa = PBXBuildFile; fileRef = A9F25E8C1BBC3E3F00337DEA /* add_rss@2x.png */; };
		A9FA352A1B204523008E68A7 /* Notifeed.xcdatamodeld in Sources */ = {isa = PBXBuildFile; fileRef = A9FA35281B204523008E68A7 /* Notifeed.xcdatamodeld */; };
		A9FA352C1B205335008E68A7 /* RSSFilled50@2x.png in Resources */ = {isa = PBXBuildFile; fileRef = A9FA352B1B205335008E68A7 /* RSSFilled50@2x.png */; };
/* End PBXBuildFile section */

/* Begin PBXContainerItemProxy section */
		A9562E3B1BC5B15A0015EA0C /* PBXContainerItemProxy */ = {
			isa = PBXContainerItemProxy;
			containerPortal = A99342A01B1CA7E1001CF4EA /* Project object */;
			proxyType = 1;
			remoteGlobalIDString = A9562E2F1BC5B15A0015EA0C;
			remoteInfo = "Notifeed Widget";
		};
		A99342C31B1CA7E2001CF4EA /* PBXContainerItemProxy */ = {
			isa = PBXContainerItemProxy;
			containerPortal = A99342A01B1CA7E1001CF4EA /* Project object */;
			proxyType = 1;
			remoteGlobalIDString = A99342A71B1CA7E1001CF4EA;
			remoteInfo = Notifeed;
		};
/* End PBXContainerItemProxy section */

/* Begin PBXCopyFilesBuildPhase section */
		A9562E411BC5B15A0015EA0C /* Embed App Extensions */ = {
			isa = PBXCopyFilesBuildPhase;
			buildActionMask = 2147483647;
			dstPath = "";
			dstSubfolderSpec = 13;
			files = (
				A9562E3D1BC5B15A0015EA0C /* Notifeed Widget.appex in Embed App Extensions */,
			);
			name = "Embed App Extensions";
			runOnlyForDeploymentPostprocessing = 0;
		};
/* End PBXCopyFilesBuildPhase section */

/* Begin PBXFileReference section */
		A90136FD1BCC58F500698061 /* GoToApp_Icon@2x.png */ = {isa = PBXFileReference; lastKnownFileType = image.png; path = "GoToApp_Icon@2x.png"; sourceTree = "<group>"; };
		A908F5651BBDC54C0011B6AA /* FeedParser.swift */ = {isa = PBXFileReference; fileEncoding = 4; lastKnownFileType = sourcecode.swift; path = FeedParser.swift; sourceTree = "<group>"; };
		A90962F21BC16358005AAFEC /* PostDateFormat.swift */ = {isa = PBXFileReference; fileEncoding = 4; lastKnownFileType = sourcecode.swift; path = PostDateFormat.swift; sourceTree = "<group>"; };
		A925E5A91BCC4DF400A59E27 /* vertical_separator_today@2x.png */ = {isa = PBXFileReference; lastKnownFileType = image.png; path = "vertical_separator_today@2x.png"; sourceTree = "<group>"; };
		A92F29741B25EFB50045102C /* Notifeed-Bridging-Header.h */ = {isa = PBXFileReference; lastKnownFileType = sourcecode.c.h; path = "Notifeed-Bridging-Header.h"; sourceTree = "<group>"; };
		A92F29751B25EFB50045102C /* UIAppearance+Swift.h */ = {isa = PBXFileReference; fileEncoding = 4; lastKnownFileType = sourcecode.c.h; path = "UIAppearance+Swift.h"; sourceTree = "<group>"; };
		A92F29761B25EFB50045102C /* UIAppearance+Swift.m */ = {isa = PBXFileReference; fileEncoding = 4; lastKnownFileType = sourcecode.c.objc; path = "UIAppearance+Swift.m"; sourceTree = "<group>"; };
		A9377DF41BB2FBFB00633AFF /* FeedEditingPerformer.swift */ = {isa = PBXFileReference; fileEncoding = 4; lastKnownFileType = sourcecode.swift; path = FeedEditingPerformer.swift; sourceTree = "<group>"; };
		A938704B1BCD937300571ABC /* Launch Notifeed.storyboard */ = {isa = PBXFileReference; fileEncoding = 4; lastKnownFileType = file.storyboard; path = "Launch Notifeed.storyboard"; sourceTree = "<group>"; };
		A938704D1BCD9A9600571ABC /* iAd.framework */ = {isa = PBXFileReference; lastKnownFileType = wrapper.framework; name = iAd.framework; path = System/Library/Frameworks/iAd.framework; sourceTree = SDKROOT; };
		A93870501BCD9AEF00571ABC /* NotifeedStore.swift */ = {isa = PBXFileReference; fileEncoding = 4; lastKnownFileType = sourcecode.swift; path = NotifeedStore.swift; sourceTree = "<group>"; };
		A94067721BB4867C005EFA09 /* WebViewController.swift */ = {isa = PBXFileReference; fileEncoding = 4; lastKnownFileType = sourcecode.swift; path = WebViewController.swift; sourceTree = "<group>"; };
		A9562E301BC5B15A0015EA0C /* Notifeed Widget.appex */ = {isa = PBXFileReference; explicitFileType = "wrapper.app-extension"; includeInIndex = 0; path = "Notifeed Widget.appex"; sourceTree = BUILT_PRODUCTS_DIR; };
		A9562E321BC5B15A0015EA0C /* NotificationCenter.framework */ = {isa = PBXFileReference; lastKnownFileType = wrapper.framework; name = NotificationCenter.framework; path = System/Library/Frameworks/NotificationCenter.framework; sourceTree = SDKROOT; };
		A9562E351BC5B15A0015EA0C /* TodayViewController.swift */ = {isa = PBXFileReference; lastKnownFileType = sourcecode.swift; path = TodayViewController.swift; sourceTree = "<group>"; };
		A9562E381BC5B15A0015EA0C /* Base */ = {isa = PBXFileReference; lastKnownFileType = file.storyboard; name = Base; path = Base.lproj/MainInterface.storyboard; sourceTree = "<group>"; };
		A9562E3A1BC5B15A0015EA0C /* Info.plist */ = {isa = PBXFileReference; lastKnownFileType = text.plist.xml; path = Info.plist; sourceTree = "<group>"; };
		A9562E421BC5B1950015EA0C /* Notifeed.entitlements */ = {isa = PBXFileReference; lastKnownFileType = text.xml; path = Notifeed.entitlements; sourceTree = "<group>"; };
		A9562E431BC5B19E0015EA0C /* Notifeed Widget.entitlements */ = {isa = PBXFileReference; lastKnownFileType = text.xml; path = "Notifeed Widget.entitlements"; sourceTree = "<group>"; };
		A95B4D911BC7D2430018C7CA /* UpdateButton@2x.png */ = {isa = PBXFileReference; lastKnownFileType = image.png; path = "UpdateButton@2x.png"; sourceTree = "<group>"; };
		A95B4D931BC7DAE80018C7CA /* WidgetHeaderCell.swift */ = {isa = PBXFileReference; fileEncoding = 4; lastKnownFileType = sourcecode.swift; path = WidgetHeaderCell.swift; sourceTree = "<group>"; };
		A96470791BD6EB7E00A1EA69 /* MyViewController.swift */ = {isa = PBXFileReference; fileEncoding = 4; lastKnownFileType = sourcecode.swift; path = MyViewController.swift; sourceTree = "<group>"; };
		A96627C01BB1682100B44B0B /* FeedViewController.swift */ = {isa = PBXFileReference; fileEncoding = 4; lastKnownFileType = sourcecode.swift; path = FeedViewController.swift; sourceTree = "<group>"; };
		A96627C21BB16A2800B44B0B /* FeedAddingPerformer.swift */ = {isa = PBXFileReference; fileEncoding = 4; lastKnownFileType = sourcecode.swift; path = FeedAddingPerformer.swift; sourceTree = "<group>"; };
		A968D4EA1BB1B44500BB8C22 /* Main2.storyboard */ = {isa = PBXFileReference; fileEncoding = 4; lastKnownFileType = file.storyboard; path = Main2.storyboard; sourceTree = "<group>"; };
		A9751DAD1B24E2B0009BD779 /* MGSOpenWithSafari.swift */ = {isa = PBXFileReference; fileEncoding = 4; lastKnownFileType = sourcecode.swift; path = MGSOpenWithSafari.swift; sourceTree = "<group>"; };
		A9751DAF1B24E506009BD779 /* SafariActivity@2x.png */ = {isa = PBXFileReference; lastKnownFileType = image.png; path = "SafariActivity@2x.png"; sourceTree = "<group>"; };
		A97621C31BB2AF1F0003672E /* FrameView.swift */ = {isa = PBXFileReference; fileEncoding = 4; lastKnownFileType = sourcecode.swift; path = FrameView.swift; sourceTree = "<group>"; };
		A97621C41BB2AF1F0003672E /* Images.xcassets */ = {isa = PBXFileReference; lastKnownFileType = folder.assetcatalog; path = Images.xcassets; sourceTree = "<group>"; };
		A97621C51BB2AF1F0003672E /* Info.plist */ = {isa = PBXFileReference; fileEncoding = 4; lastKnownFileType = text.plist.xml; path = Info.plist; sourceTree = "<group>"; };
		A97621C61BB2AF1F0003672E /* PKHUD.h */ = {isa = PBXFileReference; fileEncoding = 4; lastKnownFileType = sourcecode.c.h; path = PKHUD.h; sourceTree = "<group>"; };
		A97621C71BB2AF1F0003672E /* PKHUD.swift */ = {isa = PBXFileReference; fileEncoding = 4; lastKnownFileType = sourcecode.swift; path = PKHUD.swift; sourceTree = "<group>"; };
		A97621C81BB2AF1F0003672E /* PKHUDAssets.swift */ = {isa = PBXFileReference; fileEncoding = 4; lastKnownFileType = sourcecode.swift; path = PKHUDAssets.swift; sourceTree = "<group>"; };
		A97621C91BB2AF1F0003672E /* PKHUDContentView.swift */ = {isa = PBXFileReference; fileEncoding = 4; lastKnownFileType = sourcecode.swift; path = PKHUDContentView.swift; sourceTree = "<group>"; };
		A97621CA1BB2AF1F0003672E /* Window.swift */ = {isa = PBXFileReference; fileEncoding = 4; lastKnownFileType = sourcecode.swift; path = Window.swift; sourceTree = "<group>"; };
		A97621CB1BB2AF1F0003672E /* WindowRootViewController.swift */ = {isa = PBXFileReference; fileEncoding = 4; lastKnownFileType = sourcecode.swift; path = WindowRootViewController.swift; sourceTree = "<group>"; };
		A98B35E81BCC0BB200712227 /* FavoriteFeed@2x.png */ = {isa = PBXFileReference; lastKnownFileType = image.png; path = "FavoriteFeed@2x.png"; sourceTree = "<group>"; };
		A98C8A521BD3EF890012FBC1 /* BannerViewController.swift */ = {isa = PBXFileReference; fileEncoding = 4; lastKnownFileType = sourcecode.swift; path = BannerViewController.swift; sourceTree = "<group>"; };
		A98C8A541BD40E330012FBC1 /* MGSplitViewController.swift */ = {isa = PBXFileReference; fileEncoding = 4; lastKnownFileType = sourcecode.swift; path = MGSplitViewController.swift; sourceTree = "<group>"; };
		A98ED8E71BB5BA570043B5DC /* Main3.storyboard */ = {isa = PBXFileReference; fileEncoding = 4; lastKnownFileType = file.storyboard; path = Main3.storyboard; sourceTree = "<group>"; };
		A99342A81B1CA7E1001CF4EA /* Notifeed.app */ = {isa = PBXFileReference; explicitFileType = wrapper.application; includeInIndex = 0; path = Notifeed.app; sourceTree = BUILT_PRODUCTS_DIR; };
		A99342AC1B1CA7E1001CF4EA /* Info.plist */ = {isa = PBXFileReference; lastKnownFileType = text.plist.xml; path = Info.plist; sourceTree = "<group>"; };
		A99342AD1B1CA7E1001CF4EA /* AppDelegate.swift */ = {isa = PBXFileReference; lastKnownFileType = sourcecode.swift; path = AppDelegate.swift; sourceTree = "<group>"; };
		A99342B91B1CA7E2001CF4EA /* Images.xcassets */ = {isa = PBXFileReference; lastKnownFileType = folder.assetcatalog; path = Images.xcassets; sourceTree = "<group>"; };
		A99342BC1B1CA7E2001CF4EA /* Base */ = {isa = PBXFileReference; lastKnownFileType = file.xib; name = Base; path = Base.lproj/LaunchScreen.xib; sourceTree = "<group>"; };
		A99342C21B1CA7E2001CF4EA /* NotifeedTests.xctest */ = {isa = PBXFileReference; explicitFileType = wrapper.cfbundle; includeInIndex = 0; path = NotifeedTests.xctest; sourceTree = BUILT_PRODUCTS_DIR; };
		A99342C71B1CA7E2001CF4EA /* Info.plist */ = {isa = PBXFileReference; lastKnownFileType = text.plist.xml; path = Info.plist; sourceTree = "<group>"; };
		A9B212D41BB1EEA6009E150C /* PostsViewController.swift */ = {isa = PBXFileReference; fileEncoding = 4; lastKnownFileType = sourcecode.swift; path = PostsViewController.swift; sourceTree = "<group>"; };
		A9B7ABE81BC6AD01008DACF2 /* FeedDataBase.swift */ = {isa = PBXFileReference; fileEncoding = 4; lastKnownFileType = sourcecode.swift; path = FeedDataBase.swift; sourceTree = "<group>"; };
		A9BCB26B1BB7042600A9BC29 /* ArchivedViewController.swift */ = {isa = PBXFileReference; fileEncoding = 4; lastKnownFileType = sourcecode.swift; path = ArchivedViewController.swift; sourceTree = "<group>"; };
		A9C59B801BC97AF80036D8E1 /* FeedCell.swift */ = {isa = PBXFileReference; fileEncoding = 4; lastKnownFileType = sourcecode.swift; path = FeedCell.swift; sourceTree = "<group>"; };
		A9CB854E1BBADF670091DA38 /* expand@2x.png */ = {isa = PBXFileReference; lastKnownFileType = image.png; path = "expand@2x.png"; sourceTree = "<group>"; };
		A9CB85541BBAF7F20091DA38 /* archive@2x.png */ = {isa = PBXFileReference; lastKnownFileType = image.png; path = "archive@2x.png"; sourceTree = "<group>"; };
		A9CB85621BBB005E0091DA38 /* rss_tab@2x.png */ = {isa = PBXFileReference; lastKnownFileType = image.png; path = "rss_tab@2x.png"; sourceTree = "<group>"; };
		A9CB85701BBB20D20091DA38 /* feed_icon@2x.png */ = {isa = PBXFileReference; lastKnownFileType = image.png; path = "feed_icon@2x.png"; sourceTree = "<group>"; };
		A9CB85741BBB26850091DA38 /* Extensions.swift */ = {isa = PBXFileReference; fileEncoding = 4; lastKnownFileType = sourcecode.swift; path = Extensions.swift; sourceTree = "<group>"; };
		A9CB85761BBB2C000091DA38 /* navigation_bar@2x.png */ = {isa = PBXFileReference; lastKnownFileType = image.png; path = "navigation_bar@2x.png"; sourceTree = "<group>"; };
		A9CB857C1BBB403B0091DA38 /* view_background@2x.png */ = {isa = PBXFileReference; lastKnownFileType = image.png; path = "view_background@2x.png"; sourceTree = "<group>"; };
		A9DD3AD01B1F8DCD006FC61D /* MGSEmptyDetailViewController.swift */ = {isa = PBXFileReference; fileEncoding = 4; lastKnownFileType = sourcecode.swift; name = MGSEmptyDetailViewController.swift; path = ../MGSEmptyDetailViewController.swift; sourceTree = "<group>"; };
		A9DD3AD11B1F8DCD006FC61D /* MGSEmptyDetailViewController.xib */ = {isa = PBXFileReference; fileEncoding = 4; lastKnownFileType = file.xib; path = MGSEmptyDetailViewController.xib; sourceTree = "<group>"; };
		A9EAB6401BC7FC3400FA30BE /* WidgetFooterCell.swift */ = {isa = PBXFileReference; fileEncoding = 4; lastKnownFileType = sourcecode.swift; path = WidgetFooterCell.swift; sourceTree = "<group>"; };
		A9EAB6441BC8282D00FA30BE /* MenuAction@2x.png */ = {isa = PBXFileReference; lastKnownFileType = image.png; path = "MenuAction@2x.png"; sourceTree = "<group>"; };
		A9EF4D4F1BB84FDD00AAB95D /* archived_dot@2x.png */ = {isa = PBXFileReference; lastKnownFileType = image.png; path = "archived_dot@2x.png"; sourceTree = "<group>"; };
		A9F0DD321BC3FCD0006481C3 /* Reachability.swift */ = {isa = PBXFileReference; fileEncoding = 4; lastKnownFileType = sourcecode.swift; path = Reachability.swift; sourceTree = "<group>"; };
		A9F1D9C91B24A00900AB8D77 /* rss-plus@2x.png */ = {isa = PBXFileReference; lastKnownFileType = image.png; path = "rss-plus@2x.png"; sourceTree = "<group>"; };
		A9F1D9CD1B24B92600AB8D77 /* Back-50@2x.png */ = {isa = PBXFileReference; lastKnownFileType = image.png; path = "Back-50@2x.png"; sourceTree = "<group>"; };
		A9F1D9CF1B24B92D00AB8D77 /* Forward-50@2x.png */ = {isa = PBXFileReference; lastKnownFileType = image.png; path = "Forward-50@2x.png"; sourceTree = "<group>"; };
		A9F230EC1BB0B93D00BD5434 /* FeedModel.swift */ = {isa = PBXFileReference; fileEncoding = 4; lastKnownFileType = sourcecode.swift; path = FeedModel.swift; sourceTree = "<group>"; };
		A9F230F01BB0B9A000BD5434 /* FeedModelTests.swift */ = {isa = PBXFileReference; fileEncoding = 4; lastKnownFileType = sourcecode.swift; path = FeedModelTests.swift; sourceTree = "<group>"; };
		A9F230F31BB0BD0C00BD5434 /* Post.swift */ = {isa = PBXFileReference; fileEncoding = 4; lastKnownFileType = sourcecode.swift; path = Post.swift; sourceTree = "<group>"; };
		A9F230F51BB0BD5C00BD5434 /* Feed.swift */ = {isa = PBXFileReference; fileEncoding = 4; lastKnownFileType = sourcecode.swift; path = Feed.swift; sourceTree = "<group>"; };
		A9F25E721BBBFC0C00337DEA /* post_icon@2x.png */ = {isa = PBXFileReference; lastKnownFileType = image.png; path = "post_icon@2x.png"; sourceTree = "<group>"; };
		A9F25E741BBBFD7500337DEA /* post_icon2@2x.png */ = {isa = PBXFileReference; lastKnownFileType = image.png; path = "post_icon2@2x.png"; sourceTree = "<group>"; };
		A9F25E7A1BBC205900337DEA /* NotifeedLogo@2x.png */ = {isa = PBXFileReference; lastKnownFileType = image.png; path = "NotifeedLogo@2x.png"; sourceTree = "<group>"; };
		A9F25E7C1BBC233A00337DEA /* post_icon3@2x.png */ = {isa = PBXFileReference; lastKnownFileType = image.png; path = "post_icon3@2x.png"; sourceTree = "<group>"; };
		A9F25E821BBC37F400337DEA /* vertical_separetor@2x.png */ = {isa = PBXFileReference; lastKnownFileType = image.png; path = "vertical_separetor@2x.png"; sourceTree = "<group>"; };
		A9F25E861BBC392E00337DEA /* vertical_separetor2@2x.png */ = {isa = PBXFileReference; lastKnownFileType = image.png; path = "vertical_separetor2@2x.png"; sourceTree = "<group>"; };
		A9F25E8C1BBC3E3F00337DEA /* add_rss@2x.png */ = {isa = PBXFileReference; lastKnownFileType = image.png; path = "add_rss@2x.png"; sourceTree = "<group>"; };
		A9FA35291B204523008E68A7 /* Notifeed.xcdatamodel */ = {isa = PBXFileReference; lastKnownFileType = wrapper.xcdatamodel; path = Notifeed.xcdatamodel; sourceTree = "<group>"; };
		A9FA352B1B205335008E68A7 /* RSSFilled50@2x.png */ = {isa = PBXFileReference; lastKnownFileType = image.png; name = "RSSFilled50@2x.png"; path = "Notifeed/RSSFilled50@2x.png"; sourceTree = "<group>"; };
/* End PBXFileReference section */

/* Begin PBXFrameworksBuildPhase section */
		A9562E2D1BC5B15A0015EA0C /* Frameworks */ = {
			isa = PBXFrameworksBuildPhase;
			buildActionMask = 2147483647;
			files = (
				A9562E331BC5B15A0015EA0C /* NotificationCenter.framework in Frameworks */,
			);
			runOnlyForDeploymentPostprocessing = 0;
		};
		A99342A51B1CA7E1001CF4EA /* Frameworks */ = {
			isa = PBXFrameworksBuildPhase;
			buildActionMask = 2147483647;
			files = (
				A938704E1BCD9A9600571ABC /* iAd.framework in Frameworks */,
			);
			runOnlyForDeploymentPostprocessing = 0;
		};
		A99342BF1B1CA7E2001CF4EA /* Frameworks */ = {
			isa = PBXFrameworksBuildPhase;
			buildActionMask = 2147483647;
			files = (
			);
			runOnlyForDeploymentPostprocessing = 0;
		};
/* End PBXFrameworksBuildPhase section */

/* Begin PBXGroup section */
		A92F29781B25F1570045102C /* Workaround */ = {
			isa = PBXGroup;
			children = (
				A92F29751B25EFB50045102C /* UIAppearance+Swift.h */,
				A92F29761B25EFB50045102C /* UIAppearance+Swift.m */,
			);
			name = Workaround;
			sourceTree = "<group>";
		};
		A938704F1BCD9ACC00571ABC /* Store */ = {
			isa = PBXGroup;
			children = (
				A93870501BCD9AEF00571ABC /* NotifeedStore.swift */,
			);
			name = Store;
			sourceTree = "<group>";
		};
		A9562E311BC5B15A0015EA0C /* Frameworks */ = {
			isa = PBXGroup;
			children = (
				A938704D1BCD9A9600571ABC /* iAd.framework */,
				A9562E321BC5B15A0015EA0C /* NotificationCenter.framework */,
			);
			name = Frameworks;
			sourceTree = "<group>";
		};
		A9562E341BC5B15A0015EA0C /* Notifeed Widget */ = {
			isa = PBXGroup;
			children = (
				A9C923851BC6F3F4000F5655 /* Images */,
				A9562E431BC5B19E0015EA0C /* Notifeed Widget.entitlements */,
				A9562E351BC5B15A0015EA0C /* TodayViewController.swift */,
				A95B4D931BC7DAE80018C7CA /* WidgetHeaderCell.swift */,
				A9EAB6401BC7FC3400FA30BE /* WidgetFooterCell.swift */,
				A9562E371BC5B15A0015EA0C /* MainInterface.storyboard */,
				A9562E3A1BC5B15A0015EA0C /* Info.plist */,
			);
			path = "Notifeed Widget";
			sourceTree = "<group>";
		};
		A9751DB11B24E716009BD779 /* View Controllers */ = {
			isa = PBXGroup;
			children = (
				A98C8A521BD3EF890012FBC1 /* BannerViewController.swift */,
				A96627C01BB1682100B44B0B /* FeedViewController.swift */,
				A9B212D41BB1EEA6009E150C /* PostsViewController.swift */,
				A94067721BB4867C005EFA09 /* WebViewController.swift */,
				A9BCB26B1BB7042600A9BC29 /* ArchivedViewController.swift */,
				A9DD3AD01B1F8DCD006FC61D /* MGSEmptyDetailViewController.swift */,
				A98C8A541BD40E330012FBC1 /* MGSplitViewController.swift */,
			);
			name = "View Controllers";
			sourceTree = "<group>";
		};
		A97621C21BB2AF1F0003672E /* PKHUD */ = {
			isa = PBXGroup;
			children = (
				A97621C31BB2AF1F0003672E /* FrameView.swift */,
				A97621C51BB2AF1F0003672E /* Info.plist */,
				A97621C41BB2AF1F0003672E /* Images.xcassets */,
				A97621C61BB2AF1F0003672E /* PKHUD.h */,
				A97621C71BB2AF1F0003672E /* PKHUD.swift */,
				A97621C81BB2AF1F0003672E /* PKHUDAssets.swift */,
				A97621C91BB2AF1F0003672E /* PKHUDContentView.swift */,
				A97621CA1BB2AF1F0003672E /* Window.swift */,
				A97621CB1BB2AF1F0003672E /* WindowRootViewController.swift */,
			);
			path = PKHUD;
			sourceTree = "<group>";
		};
		A993429F1B1CA7E1001CF4EA = {
			isa = PBXGroup;
			children = (
				A98ED8E71BB5BA570043B5DC /* Main3.storyboard */,
				A968D4EA1BB1B44500BB8C22 /* Main2.storyboard */,
				A938704B1BCD937300571ABC /* Launch Notifeed.storyboard */,
				A99342BB1B1CA7E2001CF4EA /* LaunchScreen.xib */,
				A9DD3AD11B1F8DCD006FC61D /* MGSEmptyDetailViewController.xib */,
				A97621C21BB2AF1F0003672E /* PKHUD */,
				A99342AA1B1CA7E1001CF4EA /* Notifeed */,
				A9562E341BC5B15A0015EA0C /* Notifeed Widget */,
				A99342C51B1CA7E2001CF4EA /* NotifeedTests */,
				A9562E311BC5B15A0015EA0C /* Frameworks */,
				A99342A91B1CA7E1001CF4EA /* Products */,
			);
			sourceTree = "<group>";
		};
		A99342A91B1CA7E1001CF4EA /* Products */ = {
			isa = PBXGroup;
			children = (
				A99342A81B1CA7E1001CF4EA /* Notifeed.app */,
				A99342C21B1CA7E2001CF4EA /* NotifeedTests.xctest */,
				A9562E301BC5B15A0015EA0C /* Notifeed Widget.appex */,
			);
			name = Products;
			sourceTree = "<group>";
		};
		A99342AA1B1CA7E1001CF4EA /* Notifeed */ = {
			isa = PBXGroup;
			children = (
				A96470791BD6EB7E00A1EA69 /* MyViewController.swift */,
				A938704F1BCD9ACC00571ABC /* Store */,
				A9562E421BC5B1950015EA0C /* Notifeed.entitlements */,
				A99342AD1B1CA7E1001CF4EA /* AppDelegate.swift */,
				A9F230EB1BB0B91F00BD5434 /* Model */,
				A9751DB11B24E716009BD779 /* View Controllers */,
				A9C59B7F1BC976560036D8E1 /* Custom Cells */,
				A9F230F71BB0C2BD00BD5434 /* Utility Class */,
				A99342B91B1CA7E2001CF4EA /* Images.xcassets */,
				A9FA35281B204523008E68A7 /* Notifeed.xcdatamodeld */,
				A9FA352D1B20533D008E68A7 /* Images */,
				A99342AB1B1CA7E1001CF4EA /* Supporting Files */,
				A92F29741B25EFB50045102C /* Notifeed-Bridging-Header.h */,
			);
			path = Notifeed;
			sourceTree = "<group>";
		};
		A99342AB1B1CA7E1001CF4EA /* Supporting Files */ = {
			isa = PBXGroup;
			children = (
				A92F29781B25F1570045102C /* Workaround */,
				A99342AC1B1CA7E1001CF4EA /* Info.plist */,
			);
			name = "Supporting Files";
			sourceTree = "<group>";
		};
		A99342C51B1CA7E2001CF4EA /* NotifeedTests */ = {
			isa = PBXGroup;
			children = (
				A9F230F01BB0B9A000BD5434 /* FeedModelTests.swift */,
				A99342C61B1CA7E2001CF4EA /* Supporting Files */,
			);
			path = NotifeedTests;
			sourceTree = "<group>";
		};
		A99342C61B1CA7E2001CF4EA /* Supporting Files */ = {
			isa = PBXGroup;
			children = (
				A99342C71B1CA7E2001CF4EA /* Info.plist */,
			);
			name = "Supporting Files";
			sourceTree = "<group>";
		};
		A9C59B7F1BC976560036D8E1 /* Custom Cells */ = {
			isa = PBXGroup;
			children = (
				A9C59B801BC97AF80036D8E1 /* FeedCell.swift */,
			);
			name = "Custom Cells";
			sourceTree = "<group>";
		};
		A9C923851BC6F3F4000F5655 /* Images */ = {
			isa = PBXGroup;
			children = (
				A90136FD1BCC58F500698061 /* GoToApp_Icon@2x.png */,
				A925E5A91BCC4DF400A59E27 /* vertical_separator_today@2x.png */,
				A95B4D911BC7D2430018C7CA /* UpdateButton@2x.png */,
			);
			name = Images;
			sourceTree = "<group>";
		};
		A9F230EB1BB0B91F00BD5434 /* Model */ = {
			isa = PBXGroup;
			children = (
				A9F230EC1BB0B93D00BD5434 /* FeedModel.swift */,
				A9B7ABE81BC6AD01008DACF2 /* FeedDataBase.swift */,
				A9F230F31BB0BD0C00BD5434 /* Post.swift */,
				A9F230F51BB0BD5C00BD5434 /* Feed.swift */,
			);
			name = Model;
			sourceTree = "<group>";
		};
		A9F230F71BB0C2BD00BD5434 /* Utility Class */ = {
			isa = PBXGroup;
			children = (
				A9751DAD1B24E2B0009BD779 /* MGSOpenWithSafari.swift */,
				A96627C21BB16A2800B44B0B /* FeedAddingPerformer.swift */,
				A9377DF41BB2FBFB00633AFF /* FeedEditingPerformer.swift */,
				A908F5651BBDC54C0011B6AA /* FeedParser.swift */,
				A90962F21BC16358005AAFEC /* PostDateFormat.swift */,
				A9CB85741BBB26850091DA38 /* Extensions.swift */,
				A9F0DD321BC3FCD0006481C3 /* Reachability.swift */,
			);
			name = "Utility Class";
			sourceTree = "<group>";
		};
		A9FA352D1B20533D008E68A7 /* Images */ = {
			isa = PBXGroup;
			children = (
				A98B35E81BCC0BB200712227 /* FavoriteFeed@2x.png */,
				A9EAB6441BC8282D00FA30BE /* MenuAction@2x.png */,
				A9F25E7A1BBC205900337DEA /* NotifeedLogo@2x.png */,
				A9CB857C1BBB403B0091DA38 /* view_background@2x.png */,
				A9CB85761BBB2C000091DA38 /* navigation_bar@2x.png */,
				A9CB85621BBB005E0091DA38 /* rss_tab@2x.png */,
				A9CB85541BBAF7F20091DA38 /* archive@2x.png */,
				A9CB854E1BBADF670091DA38 /* expand@2x.png */,
				A9EF4D4F1BB84FDD00AAB95D /* archived_dot@2x.png */,
				A9F25E8C1BBC3E3F00337DEA /* add_rss@2x.png */,
				A9F1D9C91B24A00900AB8D77 /* rss-plus@2x.png */,
				A9F25E861BBC392E00337DEA /* vertical_separetor2@2x.png */,
				A9F25E821BBC37F400337DEA /* vertical_separetor@2x.png */,
				A9F25E7C1BBC233A00337DEA /* post_icon3@2x.png */,
				A9F25E741BBBFD7500337DEA /* post_icon2@2x.png */,
				A9F25E721BBBFC0C00337DEA /* post_icon@2x.png */,
				A9CB85701BBB20D20091DA38 /* feed_icon@2x.png */,
				A9FA352B1B205335008E68A7 /* RSSFilled50@2x.png */,
				A9F1D9CD1B24B92600AB8D77 /* Back-50@2x.png */,
				A9F1D9CF1B24B92D00AB8D77 /* Forward-50@2x.png */,
				A9751DAF1B24E506009BD779 /* SafariActivity@2x.png */,
			);
			name = Images;
			path = ..;
			sourceTree = "<group>";
		};
/* End PBXGroup section */

/* Begin PBXNativeTarget section */
		A9562E2F1BC5B15A0015EA0C /* Notifeed Widget */ = {
			isa = PBXNativeTarget;
			buildConfigurationList = A9562E3E1BC5B15A0015EA0C /* Build configuration list for PBXNativeTarget "Notifeed Widget" */;
			buildPhases = (
				A9562E2C1BC5B15A0015EA0C /* Sources */,
				A9562E2D1BC5B15A0015EA0C /* Frameworks */,
				A9562E2E1BC5B15A0015EA0C /* Resources */,
			);
			buildRules = (
			);
			dependencies = (
			);
			name = "Notifeed Widget";
			productName = "Notifeed Widget";
			productReference = A9562E301BC5B15A0015EA0C /* Notifeed Widget.appex */;
			productType = "com.apple.product-type.app-extension";
		};
		A99342A71B1CA7E1001CF4EA /* Notifeed */ = {
			isa = PBXNativeTarget;
			buildConfigurationList = A99342CC1B1CA7E2001CF4EA /* Build configuration list for PBXNativeTarget "Notifeed" */;
			buildPhases = (
				A99342A41B1CA7E1001CF4EA /* Sources */,
				A99342A51B1CA7E1001CF4EA /* Frameworks */,
				A99342A61B1CA7E1001CF4EA /* Resources */,
				A9A3B0F11B209F46001465E7 /* ShellScript */,
				A9562E411BC5B15A0015EA0C /* Embed App Extensions */,
			);
			buildRules = (
			);
			dependencies = (
				A9562E3C1BC5B15A0015EA0C /* PBXTargetDependency */,
			);
			name = Notifeed;
			productName = Notifeed;
			productReference = A99342A81B1CA7E1001CF4EA /* Notifeed.app */;
			productType = "com.apple.product-type.application";
		};
		A99342C11B1CA7E2001CF4EA /* NotifeedTests */ = {
			isa = PBXNativeTarget;
			buildConfigurationList = A99342CF1B1CA7E2001CF4EA /* Build configuration list for PBXNativeTarget "NotifeedTests" */;
			buildPhases = (
				A99342BE1B1CA7E2001CF4EA /* Sources */,
				A99342BF1B1CA7E2001CF4EA /* Frameworks */,
				A99342C01B1CA7E2001CF4EA /* Resources */,
			);
			buildRules = (
			);
			dependencies = (
				A99342C41B1CA7E2001CF4EA /* PBXTargetDependency */,
			);
			name = NotifeedTests;
			productName = NotifeedTests;
			productReference = A99342C21B1CA7E2001CF4EA /* NotifeedTests.xctest */;
			productType = "com.apple.product-type.bundle.unit-test";
		};
/* End PBXNativeTarget section */

/* Begin PBXProject section */
		A99342A01B1CA7E1001CF4EA /* Project object */ = {
			isa = PBXProject;
			attributes = {
				LastSwiftMigration = 0700;
				LastSwiftUpdateCheck = 0700;
				LastUpgradeCheck = 0700;
				ORGANIZATIONNAME = "Marco Salafia";
				TargetAttributes = {
					A9562E2F1BC5B15A0015EA0C = {
						CreatedOnToolsVersion = 7.0.1;
						DevelopmentTeam = AH9ECCRA8U;
						SystemCapabilities = {
							com.apple.ApplicationGroups.iOS = {
								enabled = 1;
							};
						};
					};
					A99342A71B1CA7E1001CF4EA = {
						CreatedOnToolsVersion = 6.3.1;
						DevelopmentTeam = AH9ECCRA8U;
						SystemCapabilities = {
							com.apple.ApplicationGroups.iOS = {
								enabled = 1;
							};
						};
					};
					A99342C11B1CA7E2001CF4EA = {
						CreatedOnToolsVersion = 6.3.1;
						TestTargetID = A99342A71B1CA7E1001CF4EA;
					};
				};
			};
			buildConfigurationList = A99342A31B1CA7E1001CF4EA /* Build configuration list for PBXProject "Notifeed" */;
			compatibilityVersion = "Xcode 3.2";
			developmentRegion = English;
			hasScannedForEncodings = 0;
			knownRegions = (
				en,
				Base,
			);
			mainGroup = A993429F1B1CA7E1001CF4EA;
			productRefGroup = A99342A91B1CA7E1001CF4EA /* Products */;
			projectDirPath = "";
			projectRoot = "";
			targets = (
				A99342A71B1CA7E1001CF4EA /* Notifeed */,
				A99342C11B1CA7E2001CF4EA /* NotifeedTests */,
				A9562E2F1BC5B15A0015EA0C /* Notifeed Widget */,
			);
		};
/* End PBXProject section */

/* Begin PBXResourcesBuildPhase section */
		A9562E2E1BC5B15A0015EA0C /* Resources */ = {
			isa = PBXResourcesBuildPhase;
			buildActionMask = 2147483647;
			files = (
				A90136FE1BCC58F500698061 /* GoToApp_Icon@2x.png in Resources */,
				A963B8D01BC5CFEC00C5803B /* vertical_separetor@2x.png in Resources */,
				A9562E391BC5B15A0015EA0C /* MainInterface.storyboard in Resources */,
				A925E5AA1BCC4DF400A59E27 /* vertical_separator_today@2x.png in Resources */,
				A95B4D921BC7D2430018C7CA /* UpdateButton@2x.png in Resources */,
			);
			runOnlyForDeploymentPostprocessing = 0;
		};
		A99342A61B1CA7E1001CF4EA /* Resources */ = {
			isa = PBXResourcesBuildPhase;
			buildActionMask = 2147483647;
			files = (
				A9960F5B1B21E80B007DDD39 /* LaunchScreen.xib in Resources */,
				A9EAB6451BC8282D00FA30BE /* MenuAction@2x.png in Resources */,
				A938704C1BCD937300571ABC /* Launch Notifeed.storyboard in Resources */,
				A9FA352C1B205335008E68A7 /* RSSFilled50@2x.png in Resources */,
				A9F25E7B1BBC205900337DEA /* NotifeedLogo@2x.png in Resources */,
				A9DD3AD31B1F8DCD006FC61D /* MGSEmptyDetailViewController.xib in Resources */,
				A99342BA1B1CA7E2001CF4EA /* Images.xcassets in Resources */,
				A9CB854F1BBADF670091DA38 /* expand@2x.png in Resources */,
				A97621CD1BB2AF1F0003672E /* Images.xcassets in Resources */,
				A9F25E871BBC392E00337DEA /* vertical_separetor2@2x.png in Resources */,
				A9F1D9CE1B24B92600AB8D77 /* Back-50@2x.png in Resources */,
				A98B35E91BCC0BB200712227 /* FavoriteFeed@2x.png in Resources */,
				A9EF4D501BB84FDD00AAB95D /* archived_dot@2x.png in Resources */,
				A9F25E7D1BBC233A00337DEA /* post_icon3@2x.png in Resources */,
				A9751DB01B24E506009BD779 /* SafariActivity@2x.png in Resources */,
				A9F1D9D01B24B92D00AB8D77 /* Forward-50@2x.png in Resources */,
				A9F25E751BBBFD7500337DEA /* post_icon2@2x.png in Resources */,
				A98ED8E81BB5BA570043B5DC /* Main3.storyboard in Resources */,
				A97621CE1BB2AF1F0003672E /* Info.plist in Resources */,
				A9CB85711BBB20D20091DA38 /* feed_icon@2x.png in Resources */,
				A9CB85551BBAF7F20091DA38 /* archive@2x.png in Resources */,
				A9CB85631BBB005E0091DA38 /* rss_tab@2x.png in Resources */,
				A9CB857D1BBB403B0091DA38 /* view_background@2x.png in Resources */,
				A9F25E8D1BBC3E3F00337DEA /* add_rss@2x.png in Resources */,
				A9CB85771BBB2C000091DA38 /* navigation_bar@2x.png in Resources */,
				A9F1D9CA1B24A00900AB8D77 /* rss-plus@2x.png in Resources */,
				A9F25E731BBBFC0C00337DEA /* post_icon@2x.png in Resources */,
				A9F25E831BBC37F400337DEA /* vertical_separetor@2x.png in Resources */,
			);
			runOnlyForDeploymentPostprocessing = 0;
		};
		A99342C01B1CA7E2001CF4EA /* Resources */ = {
			isa = PBXResourcesBuildPhase;
			buildActionMask = 2147483647;
			files = (
			);
			runOnlyForDeploymentPostprocessing = 0;
		};
/* End PBXResourcesBuildPhase section */

/* Begin PBXShellScriptBuildPhase section */
		A9A3B0F11B209F46001465E7 /* ShellScript */ = {
			isa = PBXShellScriptBuildPhase;
			buildActionMask = 2147483647;
			files = (
			);
			inputPaths = (
			);
			outputPaths = (
			);
			runOnlyForDeploymentPostprocessing = 0;
			shellPath = /bin/bash;
			shellScript = "buildNumber=$(/usr/libexec/PlistBuddy -c \"Print CFBundleVersion\" \"$INFOPLIST_FILE\")\nbuildNumber=$(($buildNumber + 1))\n/usr/libexec/PlistBuddy -c \"Set :CFBundleVersion $buildNumber\" \"$INFOPLIST_FILE\"";
		};
/* End PBXShellScriptBuildPhase section */

/* Begin PBXSourcesBuildPhase section */
		A9562E2C1BC5B15A0015EA0C /* Sources */ = {
			isa = PBXSourcesBuildPhase;
			buildActionMask = 2147483647;
			files = (
				A9EAB6411BC7FC3400FA30BE /* WidgetFooterCell.swift in Sources */,
				A963B8CD1BC5BDC100C5803B /* FeedParser.swift in Sources */,
				A9562E451BC5B5160015EA0C /* Post.swift in Sources */,
				A95B4D941BC7DAE80018C7CA /* WidgetHeaderCell.swift in Sources */,
				A9562E461BC5B5180015EA0C /* Feed.swift in Sources */,
				A9562E361BC5B15A0015EA0C /* TodayViewController.swift in Sources */,
				A963B8CE1BC5C96100C5803B /* PostDateFormat.swift in Sources */,
				A9562E441BC5B5130015EA0C /* FeedModel.swift in Sources */,
				A9B7ABEA1BC6AF27008DACF2 /* FeedDataBase.swift in Sources */,
				A963B8CC1BC5BB7000C5803B /* Notifeed.xcdatamodeld in Sources */,
			);
			runOnlyForDeploymentPostprocessing = 0;
		};
		A99342A41B1CA7E1001CF4EA /* Sources */ = {
			isa = PBXSourcesBuildPhase;
			buildActionMask = 2147483647;
			files = (
				A9BCB26C1BB7042600A9BC29 /* ArchivedViewController.swift in Sources */,
				A9C59B811BC97AF80036D8E1 /* FeedCell.swift in Sources */,
				A94067731BB4867C005EFA09 /* WebViewController.swift in Sources */,
				A97621CF1BB2AF1F0003672E /* PKHUD.swift in Sources */,
				A9F230F61BB0BD5C00BD5434 /* Feed.swift in Sources */,
				A9751DAE1B24E2B0009BD779 /* MGSOpenWithSafari.swift in Sources */,
				A98C8A531BD3EF890012FBC1 /* BannerViewController.swift in Sources */,
				A96627C11BB1682100B44B0B /* FeedViewController.swift in Sources */,
				A9CB85751BBB26850091DA38 /* Extensions.swift in Sources */,
				A92F29771B25EFB50045102C /* UIAppearance+Swift.m in Sources */,
				A9F230F41BB0BD0C00BD5434 /* Post.swift in Sources */,
				A96627C31BB16A2800B44B0B /* FeedAddingPerformer.swift in Sources */,
				A97621CC1BB2AF1F0003672E /* FrameView.swift in Sources */,
				A908F5661BBDC54C0011B6AA /* FeedParser.swift in Sources */,
				A9FA352A1B204523008E68A7 /* Notifeed.xcdatamodeld in Sources */,
				A9DD3AD21B1F8DCD006FC61D /* MGSEmptyDetailViewController.swift in Sources */,
				A9F0DD331BC3FCD0006481C3 /* Reachability.swift in Sources */,
				A97621D31BB2AF1F0003672E /* WindowRootViewController.swift in Sources */,
				A97621D11BB2AF1F0003672E /* PKHUDContentView.swift in Sources */,
				A97621D01BB2AF1F0003672E /* PKHUDAssets.swift in Sources */,
				A98C8A551BD40E330012FBC1 /* MGSplitViewController.swift in Sources */,
				A93870511BCD9AEF00571ABC /* NotifeedStore.swift in Sources */,
				A9B212D51BB1EEA6009E150C /* PostsViewController.swift in Sources */,
				A9F230ED1BB0B93D00BD5434 /* FeedModel.swift in Sources */,
				A9B7ABE91BC6AD01008DACF2 /* FeedDataBase.swift in Sources */,
				A90962F31BC16358005AAFEC /* PostDateFormat.swift in Sources */,
				A99342AE1B1CA7E1001CF4EA /* AppDelegate.swift in Sources */,
				A9377DF51BB2FBFB00633AFF /* FeedEditingPerformer.swift in Sources */,
				A964707A1BD6EB7E00A1EA69 /* MyViewController.swift in Sources */,
				A97621D21BB2AF1F0003672E /* Window.swift in Sources */,
			);
			runOnlyForDeploymentPostprocessing = 0;
		};
		A99342BE1B1CA7E2001CF4EA /* Sources */ = {
			isa = PBXSourcesBuildPhase;
			buildActionMask = 2147483647;
			files = (
				A9F230F11BB0B9A000BD5434 /* FeedModelTests.swift in Sources */,
			);
			runOnlyForDeploymentPostprocessing = 0;
		};
/* End PBXSourcesBuildPhase section */

/* Begin PBXTargetDependency section */
		A9562E3C1BC5B15A0015EA0C /* PBXTargetDependency */ = {
			isa = PBXTargetDependency;
			target = A9562E2F1BC5B15A0015EA0C /* Notifeed Widget */;
			targetProxy = A9562E3B1BC5B15A0015EA0C /* PBXContainerItemProxy */;
		};
		A99342C41B1CA7E2001CF4EA /* PBXTargetDependency */ = {
			isa = PBXTargetDependency;
			target = A99342A71B1CA7E1001CF4EA /* Notifeed */;
			targetProxy = A99342C31B1CA7E2001CF4EA /* PBXContainerItemProxy */;
		};
/* End PBXTargetDependency section */

/* Begin PBXVariantGroup section */
		A9562E371BC5B15A0015EA0C /* MainInterface.storyboard */ = {
			isa = PBXVariantGroup;
			children = (
				A9562E381BC5B15A0015EA0C /* Base */,
			);
			name = MainInterface.storyboard;
			sourceTree = "<group>";
		};
		A99342BB1B1CA7E2001CF4EA /* LaunchScreen.xib */ = {
			isa = PBXVariantGroup;
			children = (
				A99342BC1B1CA7E2001CF4EA /* Base */,
			);
			name = LaunchScreen.xib;
			path = Notifeed;
			sourceTree = "<group>";
		};
/* End PBXVariantGroup section */

/* Begin XCBuildConfiguration section */
		A9562E3F1BC5B15A0015EA0C /* Debug */ = {
			isa = XCBuildConfiguration;
			buildSettings = {
				CODE_SIGN_ENTITLEMENTS = "Notifeed Widget/Notifeed Widget.entitlements";
				CODE_SIGN_IDENTITY = "iPhone Developer";
				"CODE_SIGN_IDENTITY[sdk=iphoneos*]" = "iPhone Developer";
				DEBUG_INFORMATION_FORMAT = dwarf;
				INFOPLIST_FILE = "Notifeed Widget/Info.plist";
				IPHONEOS_DEPLOYMENT_TARGET = 8.0;
				LD_RUNPATH_SEARCH_PATHS = "$(inherited) @executable_path/Frameworks @executable_path/../../Frameworks";
				PRODUCT_BUNDLE_IDENTIFIER = "com.stain.Notifeed.Notifeed-Widget";
				PRODUCT_NAME = "$(TARGET_NAME)";
				PROVISIONING_PROFILE = "";
				SKIP_INSTALL = YES;
			};
			name = Debug;
		};
		A9562E401BC5B15A0015EA0C /* Release */ = {
			isa = XCBuildConfiguration;
			buildSettings = {
				CODE_SIGN_ENTITLEMENTS = "Notifeed Widget/Notifeed Widget.entitlements";
				CODE_SIGN_IDENTITY = "iPhone Developer";
				"CODE_SIGN_IDENTITY[sdk=iphoneos*]" = "iPhone Developer";
				INFOPLIST_FILE = "Notifeed Widget/Info.plist";
				IPHONEOS_DEPLOYMENT_TARGET = 8.0;
				LD_RUNPATH_SEARCH_PATHS = "$(inherited) @executable_path/Frameworks @executable_path/../../Frameworks";
				PRODUCT_BUNDLE_IDENTIFIER = "com.stain.Notifeed.Notifeed-Widget";
				PRODUCT_NAME = "$(TARGET_NAME)";
				PROVISIONING_PROFILE = "";
				SKIP_INSTALL = YES;
			};
			name = Release;
		};
		A99342CA1B1CA7E2001CF4EA /* Debug */ = {
			isa = XCBuildConfiguration;
			buildSettings = {
				ALWAYS_SEARCH_USER_PATHS = NO;
				CLANG_CXX_LANGUAGE_STANDARD = "gnu++0x";
				CLANG_CXX_LIBRARY = "libc++";
				CLANG_ENABLE_MODULES = YES;
				CLANG_ENABLE_OBJC_ARC = YES;
				CLANG_WARN_BOOL_CONVERSION = YES;
				CLANG_WARN_CONSTANT_CONVERSION = YES;
				CLANG_WARN_DIRECT_OBJC_ISA_USAGE = YES_ERROR;
				CLANG_WARN_EMPTY_BODY = YES;
				CLANG_WARN_ENUM_CONVERSION = YES;
				CLANG_WARN_INT_CONVERSION = YES;
				CLANG_WARN_OBJC_ROOT_CLASS = YES_ERROR;
				CLANG_WARN_UNREACHABLE_CODE = YES;
				CLANG_WARN__DUPLICATE_METHOD_MATCH = YES;
				"CODE_SIGN_IDENTITY[sdk=iphoneos*]" = "iPhone Developer";
				COPY_PHASE_STRIP = NO;
				DEBUG_INFORMATION_FORMAT = "dwarf-with-dsym";
				ENABLE_STRICT_OBJC_MSGSEND = YES;
				ENABLE_TESTABILITY = YES;
				GCC_C_LANGUAGE_STANDARD = gnu99;
				GCC_DYNAMIC_NO_PIC = NO;
				GCC_NO_COMMON_BLOCKS = YES;
				GCC_OPTIMIZATION_LEVEL = 0;
				GCC_PREPROCESSOR_DEFINITIONS = (
					"DEBUG=1",
					"$(inherited)",
				);
				GCC_SYMBOLS_PRIVATE_EXTERN = NO;
				GCC_WARN_64_TO_32_BIT_CONVERSION = YES;
				GCC_WARN_ABOUT_RETURN_TYPE = YES_ERROR;
				GCC_WARN_UNDECLARED_SELECTOR = YES;
				GCC_WARN_UNINITIALIZED_AUTOS = YES_AGGRESSIVE;
				GCC_WARN_UNUSED_FUNCTION = YES;
				GCC_WARN_UNUSED_VARIABLE = YES;
				IPHONEOS_DEPLOYMENT_TARGET = 8.3;
				MTL_ENABLE_DEBUG_INFO = YES;
				ONLY_ACTIVE_ARCH = YES;
				SDKROOT = iphoneos;
				SWIFT_OPTIMIZATION_LEVEL = "-Onone";
				TARGETED_DEVICE_FAMILY = "1,2";
			};
			name = Debug;
		};
		A99342CB1B1CA7E2001CF4EA /* Release */ = {
			isa = XCBuildConfiguration;
			buildSettings = {
				ALWAYS_SEARCH_USER_PATHS = NO;
				CLANG_CXX_LANGUAGE_STANDARD = "gnu++0x";
				CLANG_CXX_LIBRARY = "libc++";
				CLANG_ENABLE_MODULES = YES;
				CLANG_ENABLE_OBJC_ARC = YES;
				CLANG_WARN_BOOL_CONVERSION = YES;
				CLANG_WARN_CONSTANT_CONVERSION = YES;
				CLANG_WARN_DIRECT_OBJC_ISA_USAGE = YES_ERROR;
				CLANG_WARN_EMPTY_BODY = YES;
				CLANG_WARN_ENUM_CONVERSION = YES;
				CLANG_WARN_INT_CONVERSION = YES;
				CLANG_WARN_OBJC_ROOT_CLASS = YES_ERROR;
				CLANG_WARN_UNREACHABLE_CODE = YES;
				CLANG_WARN__DUPLICATE_METHOD_MATCH = YES;
				"CODE_SIGN_IDENTITY[sdk=iphoneos*]" = "iPhone Developer";
				COPY_PHASE_STRIP = NO;
				DEBUG_INFORMATION_FORMAT = "dwarf-with-dsym";
				ENABLE_NS_ASSERTIONS = NO;
				ENABLE_STRICT_OBJC_MSGSEND = YES;
				GCC_C_LANGUAGE_STANDARD = gnu99;
				GCC_NO_COMMON_BLOCKS = YES;
				GCC_WARN_64_TO_32_BIT_CONVERSION = YES;
				GCC_WARN_ABOUT_RETURN_TYPE = YES_ERROR;
				GCC_WARN_UNDECLARED_SELECTOR = YES;
				GCC_WARN_UNINITIALIZED_AUTOS = YES_AGGRESSIVE;
				GCC_WARN_UNUSED_FUNCTION = YES;
				GCC_WARN_UNUSED_VARIABLE = YES;
				IPHONEOS_DEPLOYMENT_TARGET = 8.3;
				MTL_ENABLE_DEBUG_INFO = NO;
				SDKROOT = iphoneos;
				TARGETED_DEVICE_FAMILY = "1,2";
				VALIDATE_PRODUCT = YES;
			};
			name = Release;
		};
		A99342CD1B1CA7E2001CF4EA /* Debug */ = {
			isa = XCBuildConfiguration;
			buildSettings = {
				ASSETCATALOG_COMPILER_APPICON_NAME = AppIcon;
				CLANG_ENABLE_MODULES = YES;
				CODE_SIGN_ENTITLEMENTS = Notifeed/Notifeed.entitlements;
				CODE_SIGN_IDENTITY = "iPhone Developer";
				"CODE_SIGN_IDENTITY[sdk=iphoneos*]" = "iPhone Developer";
				EMBEDDED_CONTENT_CONTAINS_SWIFT = YES;
				ENABLE_TESTABILITY = YES;
				INFOPLIST_FILE = Notifeed/Info.plist;
				IPHONEOS_DEPLOYMENT_TARGET = 8.0;
				LD_RUNPATH_SEARCH_PATHS = "$(inherited) @executable_path/Frameworks";
				PRODUCT_BUNDLE_IDENTIFIER = "com.stain.$(PRODUCT_NAME:rfc1034identifier)";
				PRODUCT_NAME = "$(TARGET_NAME)";
				PROVISIONING_PROFILE = "";
				SWIFT_OBJC_BRIDGING_HEADER = "Notifeed/Notifeed-Bridging-Header.h";
				SWIFT_OPTIMIZATION_LEVEL = "-Onone";
			};
			name = Debug;
		};
		A99342CE1B1CA7E2001CF4EA /* Release */ = {
			isa = XCBuildConfiguration;
			buildSettings = {
				ASSETCATALOG_COMPILER_APPICON_NAME = AppIcon;
				CLANG_ENABLE_MODULES = YES;
				CODE_SIGN_ENTITLEMENTS = Notifeed/Notifeed.entitlements;
				CODE_SIGN_IDENTITY = "iPhone Developer";
				"CODE_SIGN_IDENTITY[sdk=iphoneos*]" = "iPhone Developer";
				EMBEDDED_CONTENT_CONTAINS_SWIFT = YES;
				ENABLE_TESTABILITY = YES;
				INFOPLIST_FILE = Notifeed/Info.plist;
				IPHONEOS_DEPLOYMENT_TARGET = 8.0;
				LD_RUNPATH_SEARCH_PATHS = "$(inherited) @executable_path/Frameworks";
				PRODUCT_BUNDLE_IDENTIFIER = "com.stain.$(PRODUCT_NAME:rfc1034identifier)";
				PRODUCT_NAME = "$(TARGET_NAME)";
				PROVISIONING_PROFILE = "";
				SWIFT_OBJC_BRIDGING_HEADER = "Notifeed/Notifeed-Bridging-Header.h";
			};
			name = Release;
		};
		A99342D01B1CA7E2001CF4EA /* Debug */ = {
			isa = XCBuildConfiguration;
			buildSettings = {
				BUNDLE_LOADER = "$(TEST_HOST)";
				CLANG_ENABLE_MODULES = YES;
				FRAMEWORK_SEARCH_PATHS = "$(inherited)";
				GCC_PREPROCESSOR_DEFINITIONS = (
					"DEBUG=1",
					"$(inherited)",
				);
				INFOPLIST_FILE = NotifeedTests/Info.plist;
				LD_RUNPATH_SEARCH_PATHS = "$(inherited) @executable_path/Frameworks @loader_path/Frameworks";
				OTHER_SWIFT_FLAGS = "";
				PRODUCT_BUNDLE_IDENTIFIER = "com.stain.$(PRODUCT_NAME:rfc1034identifier)";
				PRODUCT_NAME = "$(TARGET_NAME)";
				SWIFT_OPTIMIZATION_LEVEL = "-Onone";
				TEST_HOST = "$(BUILT_PRODUCTS_DIR)/Notifeed.app/Notifeed";
			};
			name = Debug;
		};
		A99342D11B1CA7E2001CF4EA /* Release */ = {
			isa = XCBuildConfiguration;
			buildSettings = {
				BUNDLE_LOADER = "$(TEST_HOST)";
				CLANG_ENABLE_MODULES = YES;
				FRAMEWORK_SEARCH_PATHS = "$(inherited)";
				INFOPLIST_FILE = NotifeedTests/Info.plist;
				LD_RUNPATH_SEARCH_PATHS = "$(inherited) @executable_path/Frameworks @loader_path/Frameworks";
				OTHER_SWIFT_FLAGS = "-DTEST";
				PRODUCT_BUNDLE_IDENTIFIER = "com.stain.$(PRODUCT_NAME:rfc1034identifier)";
				PRODUCT_NAME = "$(TARGET_NAME)";
				TEST_HOST = "$(BUILT_PRODUCTS_DIR)/Notifeed.app/Notifeed";
			};
			name = Release;
		};
/* End XCBuildConfiguration section */

/* Begin XCConfigurationList section */
		A9562E3E1BC5B15A0015EA0C /* Build configuration list for PBXNativeTarget "Notifeed Widget" */ = {
			isa = XCConfigurationList;
			buildConfigurations = (
				A9562E3F1BC5B15A0015EA0C /* Debug */,
				A9562E401BC5B15A0015EA0C /* Release */,
			);
			defaultConfigurationIsVisible = 0;
			defaultConfigurationName = Release;
		};
		A99342A31B1CA7E1001CF4EA /* Build configuration list for PBXProject "Notifeed" */ = {
			isa = XCConfigurationList;
			buildConfigurations = (
				A99342CA1B1CA7E2001CF4EA /* Debug */,
				A99342CB1B1CA7E2001CF4EA /* Release */,
			);
			defaultConfigurationIsVisible = 0;
			defaultConfigurationName = Release;
		};
		A99342CC1B1CA7E2001CF4EA /* Build configuration list for PBXNativeTarget "Notifeed" */ = {
			isa = XCConfigurationList;
			buildConfigurations = (
				A99342CD1B1CA7E2001CF4EA /* Debug */,
				A99342CE1B1CA7E2001CF4EA /* Release */,
			);
			defaultConfigurationIsVisible = 0;
			defaultConfigurationName = Release;
		};
		A99342CF1B1CA7E2001CF4EA /* Build configuration list for PBXNativeTarget "NotifeedTests" */ = {
			isa = XCConfigurationList;
			buildConfigurations = (
				A99342D01B1CA7E2001CF4EA /* Debug */,
				A99342D11B1CA7E2001CF4EA /* Release */,
			);
			defaultConfigurationIsVisible = 0;
			defaultConfigurationName = Release;
		};
/* End XCConfigurationList section */

/* Begin XCVersionGroup section */
		A9FA35281B204523008E68A7 /* Notifeed.xcdatamodeld */ = {
			isa = XCVersionGroup;
			children = (
				A9FA35291B204523008E68A7 /* Notifeed.xcdatamodel */,
			);
			currentVersion = A9FA35291B204523008E68A7 /* Notifeed.xcdatamodel */;
			path = Notifeed.xcdatamodeld;
			sourceTree = "<group>";
			versionGroupType = wrapper.xcdatamodel;
		};
/* End XCVersionGroup section */
	};
	rootObject = A99342A01B1CA7E1001CF4EA /* Project object */;
}
